
Microsoft Visual Studio Solution File, Format Version 12.00
# Visual Studio Version 16
VisualStudioVersion = 16.0.31105.61
MinimumVisualStudioVersion = 10.0.40219.1
Project("{9A19103F-16F7-4668-BE54-9A1E7A4F7556}") = "CloutCast.Api", "src\Api\CloutCast.Api.csproj", "{5B37DFED-A20B-4CF4-B4F6-9CFA353EC81C}"
EndProject
Project("{9A19103F-16F7-4668-BE54-9A1E7A4F7556}") = "CloutCast.BitClout", "src\BitClout\CloutCast.BitClout.csproj", "{FFCD37D4-04E0-4BC1-BA9A-667E1499CAFB}"
EndProject
Project("{9A19103F-16F7-4668-BE54-9A1E7A4F7556}") = "CloutCast.Core", "src\Core\CloutCast.Core.csproj", "{521788DA-035A-4D48-991F-0FDBBB6DD32E}"
EndProject
Project("{9A19103F-16F7-4668-BE54-9A1E7A4F7556}") = "CloutCast.Logic", "src\Logic\CloutCast.Logic.csproj", "{5D146B05-EEDD-4EFE-B125-821F1AA8C957}"
EndProject
Project("{9A19103F-16F7-4668-BE54-9A1E7A4F7556}") = "CloutCast.Migrations", "src\Migrations\CloutCast.Migrations.csproj", "{F52866A4-BB8B-42CF-9ED0-1B626079666C}"
EndProject
Project("{9A19103F-16F7-4668-BE54-9A1E7A4F7556}") = "CloutCast.Partner.Api", "src\Partner.Api\CloutCast.Partner.Api.csproj", "{C01749F2-7074-4503-BA3F-970BC5E93324}"
EndProject
Project("{9A19103F-16F7-4668-BE54-9A1E7A4F7556}") = "CloutCast.Tests.Integration", "src\Tests.Integration\CloutCast.Tests.Integration.csproj", "{0E9ED6FC-A94C-4A77-9CED-A95B28D784F5}"
EndProject
Project("{9A19103F-16F7-4668-BE54-9A1E7A4F7556}") = "CloutCast.Utilities", "src\Utilities\CloutCast.Utilities.csproj", "{7686A75C-242D-4393-941C-87293CC0806B}"
EndProject

Global
	GlobalSection(SolutionConfigurationPlatforms) = preSolution
		Debug|Any CPU = Debug|Any CPU
		Release|Any CPU = Release|Any CPU
	EndGlobalSection
	GlobalSection(ProjectConfigurationPlatforms) = postSolution
		{5B37DFED-A20B-4CF4-B4F6-9CFA353EC81C}.Debug|Any CPU.ActiveCfg = Debug|Any CPU
		{5B37DFED-A20B-4CF4-B4F6-9CFA353EC81C}.Debug|Any CPU.Build.0 = Debug|Any CPU
		{5B37DFED-A20B-4CF4-B4F6-9CFA353EC81C}.Release|Any CPU.ActiveCfg = Release|Any CPU
		{5B37DFED-A20B-4CF4-B4F6-9CFA353EC81C}.Release|Any CPU.Build.0 = Release|Any CPU
		{521788DA-035A-4D48-991F-0FDBBB6DD32E}.Debug|Any CPU.ActiveCfg = Debug|Any CPU
		{521788DA-035A-4D48-991F-0FDBBB6DD32E}.Debug|Any CPU.Build.0 = Debug|Any CPU
		{521788DA-035A-4D48-991F-0FDBBB6DD32E}.Release|Any CPU.ActiveCfg = Release|Any CPU
		{521788DA-035A-4D48-991F-0FDBBB6DD32E}.Release|Any CPU.Build.0 = Release|Any CPU
		{F52866A4-BB8B-42CF-9ED0-1B626079666C}.Debug|Any CPU.ActiveCfg = Debug|Any CPU
		{F52866A4-BB8B-42CF-9ED0-1B626079666C}.Debug|Any CPU.Build.0 = Debug|Any CPU
		{F52866A4-BB8B-42CF-9ED0-1B626079666C}.Release|Any CPU.ActiveCfg = Release|Any CPU
		{F52866A4-BB8B-42CF-9ED0-1B626079666C}.Release|Any CPU.Build.0 = Release|Any CPU
		{7686A75C-242D-4393-941C-87293CC0806B}.Debug|Any CPU.ActiveCfg = Debug|Any CPU
		{7686A75C-242D-4393-941C-87293CC0806B}.Debug|Any CPU.Build.0 = Debug|Any CPU
		{7686A75C-242D-4393-941C-87293CC0806B}.Release|Any CPU.ActiveCfg = Release|Any CPU
		{7686A75C-242D-4393-941C-87293CC0806B}.Release|Any CPU.Build.0 = Release|Any CPU
		{5D146B05-EEDD-4EFE-B125-821F1AA8C957}.Debug|Any CPU.ActiveCfg = Debug|Any CPU
		{5D146B05-EEDD-4EFE-B125-821F1AA8C957}.Debug|Any CPU.Build.0 = Debug|Any CPU
		{5D146B05-EEDD-4EFE-B125-821F1AA8C957}.Release|Any CPU.ActiveCfg = Release|Any CPU
		{5D146B05-EEDD-4EFE-B125-821F1AA8C957}.Release|Any CPU.Build.0 = Release|Any CPU
		{0E9ED6FC-A94C-4A77-9CED-A95B28D784F5}.Debug|Any CPU.ActiveCfg = Debug|Any CPU
		{0E9ED6FC-A94C-4A77-9CED-A95B28D784F5}.Debug|Any CPU.Build.0 = Debug|Any CPU
		{0E9ED6FC-A94C-4A77-9CED-A95B28D784F5}.Release|Any CPU.ActiveCfg = Release|Any CPU
		{0E9ED6FC-A94C-4A77-9CED-A95B28D784F5}.Release|Any CPU.Build.0 = Release|Any CPU
		{FFCD37D4-04E0-4BC1-BA9A-667E1499CAFB}.Debug|Any CPU.ActiveCfg = Debug|Any CPU
		{FFCD37D4-04E0-4BC1-BA9A-667E1499CAFB}.Debug|Any CPU.Build.0 = Debug|Any CPU
		{FFCD37D4-04E0-4BC1-BA9A-667E1499CAFB}.Release|Any CPU.ActiveCfg = Release|Any CPU
		{FFCD37D4-04E0-4BC1-BA9A-667E1499CAFB}.Release|Any CPU.Build.0 = Release|Any CPU
		{C01749F2-7074-4503-BA3F-970BC5E93324}.Debug|Any CPU.ActiveCfg = Debug|Any CPU
		{C01749F2-7074-4503-BA3F-970BC5E93324}.Debug|Any CPU.Build.0 = Debug|Any CPU
		{C01749F2-7074-4503-BA3F-970BC5E93324}.Release|Any CPU.ActiveCfg = Release|Any CPU
		{C01749F2-7074-4503-BA3F-970BC5E93324}.Release|Any CPU.Build.0 = Release|Any CPU
	EndGlobalSection
	GlobalSection(SolutionProperties) = preSolution
		HideSolutionNode = FALSE
	EndGlobalSection
	GlobalSection(ExtensibilityGlobals) = postSolution
		SolutionGuid = {A0ADE897-4BB7-4207-B044-D84B49016A31}
	EndGlobalSection
EndGlobal
